// !$*UTF8*$!
{
	archiveVersion = 1;
	classes = {
	};
	objectVersion = 56;
	objects = {

/* Begin PBXBuildFile section */
		C29A275D2A56990B000AB68C /* AppDelegate.swift in Sources */ = {isa = PBXBuildFile; fileRef = C29A275C2A56990B000AB68C /* AppDelegate.swift */; };
		C29A275F2A56990B000AB68C /* SceneDelegate.swift in Sources */ = {isa = PBXBuildFile; fileRef = C29A275E2A56990B000AB68C /* SceneDelegate.swift */; };
		C29A27612A56990B000AB68C /* ViewController.swift in Sources */ = {isa = PBXBuildFile; fileRef = C29A27602A56990B000AB68C /* ViewController.swift */; };
		C29A27642A56990B000AB68C /* Main.storyboard in Resources */ = {isa = PBXBuildFile; fileRef = C29A27622A56990B000AB68C /* Main.storyboard */; };
		C29A27672A56990B000AB68C /* MVC.xcdatamodeld in Sources */ = {isa = PBXBuildFile; fileRef = C29A27652A56990B000AB68C /* MVC.xcdatamodeld */; };
		C29A27692A56990B000AB68C /* Assets.xcassets in Resources */ = {isa = PBXBuildFile; fileRef = C29A27682A56990B000AB68C /* Assets.xcassets */; };
		C29A276C2A56990B000AB68C /* LaunchScreen.storyboard in Resources */ = {isa = PBXBuildFile; fileRef = C29A276A2A56990B000AB68C /* LaunchScreen.storyboard */; };
		C29A27772A56990B000AB68C /* MVCTests.swift in Sources */ = {isa = PBXBuildFile; fileRef = C29A27762A56990B000AB68C /* MVCTests.swift */; };
		C29A27812A56990B000AB68C /* MVCUITests.swift in Sources */ = {isa = PBXBuildFile; fileRef = C29A27802A56990B000AB68C /* MVCUITests.swift */; };
		C29A27832A56990B000AB68C /* MVCUITestsLaunchTests.swift in Sources */ = {isa = PBXBuildFile; fileRef = C29A27822A56990B000AB68C /* MVCUITestsLaunchTests.swift */; };
		C29A27902A569994000AB68C /* TableViewCell.swift in Sources */ = {isa = PBXBuildFile; fileRef = C29A278F2A569994000AB68C /* TableViewCell.swift */; };
/* End PBXBuildFile section */

/* Begin PBXContainerItemProxy section */
		C29A27732A56990B000AB68C /* PBXContainerItemProxy */ = {
			isa = PBXContainerItemProxy;
			containerPortal = C29A27512A56990B000AB68C /* Project object */;
			proxyType = 1;
			remoteGlobalIDString = C29A27582A56990B000AB68C;
			remoteInfo = MVC;
		};
		C29A277D2A56990B000AB68C /* PBXContainerItemProxy */ = {
			isa = PBXContainerItemProxy;
			containerPortal = C29A27512A56990B000AB68C /* Project object */;
			proxyType = 1;
			remoteGlobalIDString = C29A27582A56990B000AB68C;
			remoteInfo = MVC;
		};
/* End PBXContainerItemProxy section */

/* Begin PBXFileReference section */
		C29A27592A56990B000AB68C /* MVC.app */ = {isa = PBXFileReference; explicitFileType = wrapper.application; includeInIndex = 0; path = MVC.app; sourceTree = BUILT_PRODUCTS_DIR; };
		C29A275C2A56990B000AB68C /* AppDelegate.swift */ = {isa = PBXFileReference; lastKnownFileType = sourcecode.swift; path = AppDelegate.swift; sourceTree = "<group>"; };
		C29A275E2A56990B000AB68C /* SceneDelegate.swift */ = {isa = PBXFileReference; lastKnownFileType = sourcecode.swift; path = SceneDelegate.swift; sourceTree = "<group>"; };
		C29A27602A56990B000AB68C /* ViewController.swift */ = {isa = PBXFileReference; lastKnownFileType = sourcecode.swift; path = ViewController.swift; sourceTree = "<group>"; };
		C29A27632A56990B000AB68C /* Base */ = {isa = PBXFileReference; lastKnownFileType = file.storyboard; name = Base; path = Base.lproj/Main.storyboard; sourceTree = "<group>"; };
		C29A27662A56990B000AB68C /* MVC.xcdatamodel */ = {isa = PBXFileReference; lastKnownFileType = wrapper.xcdatamodel; path = MVC.xcdatamodel; sourceTree = "<group>"; };
		C29A27682A56990B000AB68C /* Assets.xcassets */ = {isa = PBXFileReference; lastKnownFileType = folder.assetcatalog; path = Assets.xcassets; sourceTree = "<group>"; };
		C29A276B2A56990B000AB68C /* Base */ = {isa = PBXFileReference; lastKnownFileType = file.storyboard; name = Base; path = Base.lproj/LaunchScreen.storyboard; sourceTree = "<group>"; };
		C29A276D2A56990B000AB68C /* Info.plist */ = {isa = PBXFileReference; lastKnownFileType = text.plist.xml; path = Info.plist; sourceTree = "<group>"; };
		C29A27722A56990B000AB68C /* MVCTests.xctest */ = {isa = PBXFileReference; explicitFileType = wrapper.cfbundle; includeInIndex = 0; path = MVCTests.xctest; sourceTree = BUILT_PRODUCTS_DIR; };
		C29A27762A56990B000AB68C /* MVCTests.swift */ = {isa = PBXFileReference; lastKnownFileType = sourcecode.swift; path = MVCTests.swift; sourceTree = "<group>"; };
		C29A277C2A56990B000AB68C /* MVCUITests.xctest */ = {isa = PBXFileReference; explicitFileType = wrapper.cfbundle; includeInIndex = 0; path = MVCUITests.xctest; sourceTree = BUILT_PRODUCTS_DIR; };
		C29A27802A56990B000AB68C /* MVCUITests.swift */ = {isa = PBXFileReference; lastKnownFileType = sourcecode.swift; path = MVCUITests.swift; sourceTree = "<group>"; };
		C29A27822A56990B000AB68C /* MVCUITestsLaunchTests.swift */ = {isa = PBXFileReference; lastKnownFileType = sourcecode.swift; path = MVCUITestsLaunchTests.swift; sourceTree = "<group>"; };
		C29A278F2A569994000AB68C /* TableViewCell.swift */ = {isa = PBXFileReference; lastKnownFileType = sourcecode.swift; path = TableViewCell.swift; sourceTree = "<group>"; };
/* End PBXFileReference section */

/* Begin PBXFrameworksBuildPhase section */
		C29A27562A56990B000AB68C /* Frameworks */ = {
			isa = PBXFrameworksBuildPhase;
			buildActionMask = 2147483647;
			files = (
			);
			runOnlyForDeploymentPostprocessing = 0;
		};
		C29A276F2A56990B000AB68C /* Frameworks */ = {
			isa = PBXFrameworksBuildPhase;
			buildActionMask = 2147483647;
			files = (
			);
			runOnlyForDeploymentPostprocessing = 0;
		};
		C29A27792A56990B000AB68C /* Frameworks */ = {
			isa = PBXFrameworksBuildPhase;
			buildActionMask = 2147483647;
			files = (
			);
			runOnlyForDeploymentPostprocessing = 0;
		};
/* End PBXFrameworksBuildPhase section */

/* Begin PBXGroup section */
		C29A27502A56990B000AB68C = {
			isa = PBXGroup;
			children = (
				C29A275B2A56990B000AB68C /* MVC */,
				C29A27752A56990B000AB68C /* MVCTests */,
				C29A277F2A56990B000AB68C /* MVCUITests */,
				C29A275A2A56990B000AB68C /* Products */,
			);
			sourceTree = "<group>";
		};
		C29A275A2A56990B000AB68C /* Products */ = {
			isa = PBXGroup;
			children = (
				C29A27592A56990B000AB68C /* MVC.app */,
				C29A27722A56990B000AB68C /* MVCTests.xctest */,
				C29A277C2A56990B000AB68C /* MVCUITests.xctest */,
			);
			name = Products;
			sourceTree = "<group>";
		};
		C29A275B2A56990B000AB68C /* MVC */ = {
			isa = PBXGroup;
			children = (
				C29A275C2A56990B000AB68C /* AppDelegate.swift */,
				C29A275E2A56990B000AB68C /* SceneDelegate.swift */,
				C29A27602A56990B000AB68C /* ViewController.swift */,
				C29A27622A56990B000AB68C /* Main.storyboard */,
				C29A278F2A569994000AB68C /* TableViewCell.swift */,
				C29A27682A56990B000AB68C /* Assets.xcassets */,
				C29A276A2A56990B000AB68C /* LaunchScreen.storyboard */,
				C29A276D2A56990B000AB68C /* Info.plist */,
				C29A27652A56990B000AB68C /* MVC.xcdatamodeld */,
			);
			path = MVC;
			sourceTree = "<group>";
		};
		C29A27752A56990B000AB68C /* MVCTests */ = {
			isa = PBXGroup;
			children = (
				C29A27762A56990B000AB68C /* MVCTests.swift */,
			);
			path = MVCTests;
			sourceTree = "<group>";
		};
		C29A277F2A56990B000AB68C /* MVCUITests */ = {
			isa = PBXGroup;
			children = (
				C29A27802A56990B000AB68C /* MVCUITests.swift */,
				C29A27822A56990B000AB68C /* MVCUITestsLaunchTests.swift */,
			);
			path = MVCUITests;
			sourceTree = "<group>";
		};
/* End PBXGroup section */

/* Begin PBXNativeTarget section */
		C29A27582A56990B000AB68C /* MVC */ = {
			isa = PBXNativeTarget;
			buildConfigurationList = C29A27862A56990B000AB68C /* Build configuration list for PBXNativeTarget "MVC" */;
			buildPhases = (
				C29A27552A56990B000AB68C /* Sources */,
				C29A27562A56990B000AB68C /* Frameworks */,
				C29A27572A56990B000AB68C /* Resources */,
			);
			buildRules = (
			);
			dependencies = (
			);
			name = MVC;
			productName = MVC;
			productReference = C29A27592A56990B000AB68C /* MVC.app */;
			productType = "com.apple.product-type.application";
		};
		C29A27712A56990B000AB68C /* MVCTests */ = {
			isa = PBXNativeTarget;
			buildConfigurationList = C29A27892A56990B000AB68C /* Build configuration list for PBXNativeTarget "MVCTests" */;
			buildPhases = (
				C29A276E2A56990B000AB68C /* Sources */,
				C29A276F2A56990B000AB68C /* Frameworks */,
				C29A27702A56990B000AB68C /* Resources */,
			);
			buildRules = (
			);
			dependencies = (
				C29A27742A56990B000AB68C /* PBXTargetDependency */,
			);
			name = MVCTests;
			productName = MVCTests;
			productReference = C29A27722A56990B000AB68C /* MVCTests.xctest */;
			productType = "com.apple.product-type.bundle.unit-test";
		};
		C29A277B2A56990B000AB68C /* MVCUITests */ = {
			isa = PBXNativeTarget;
			buildConfigurationList = C29A278C2A56990B000AB68C /* Build configuration list for PBXNativeTarget "MVCUITests" */;
			buildPhases = (
				C29A27782A56990B000AB68C /* Sources */,
				C29A27792A56990B000AB68C /* Frameworks */,
				C29A277A2A56990B000AB68C /* Resources */,
			);
			buildRules = (
			);
			dependencies = (
				C29A277E2A56990B000AB68C /* PBXTargetDependency */,
			);
			name = MVCUITests;
			productName = MVCUITests;
			productReference = C29A277C2A56990B000AB68C /* MVCUITests.xctest */;
			productType = "com.apple.product-type.bundle.ui-testing";
		};
/* End PBXNativeTarget section */

/* Begin PBXProject section */
		C29A27512A56990B000AB68C /* Project object */ = {
			isa = PBXProject;
			attributes = {
				BuildIndependentTargetsInParallel = 1;
				LastSwiftUpdateCheck = 1430;
				LastUpgradeCheck = 1430;
				TargetAttributes = {
					C29A27582A56990B000AB68C = {
						CreatedOnToolsVersion = 14.3.1;
					};
					C29A27712A56990B000AB68C = {
						CreatedOnToolsVersion = 14.3.1;
						TestTargetID = C29A27582A56990B000AB68C;
					};
					C29A277B2A56990B000AB68C = {
						CreatedOnToolsVersion = 14.3.1;
						TestTargetID = C29A27582A56990B000AB68C;
					};
				};
			};
			buildConfigurationList = C29A27542A56990B000AB68C /* Build configuration list for PBXProject "MVC" */;
			compatibilityVersion = "Xcode 14.0";
			developmentRegion = en;
			hasScannedForEncodings = 0;
			knownRegions = (
				en,
				Base,
			);
			mainGroup = C29A27502A56990B000AB68C;
			productRefGroup = C29A275A2A56990B000AB68C /* Products */;
			projectDirPath = "";
			projectRoot = "";
			targets = (
				C29A27582A56990B000AB68C /* MVC */,
				C29A27712A56990B000AB68C /* MVCTests */,
				C29A277B2A56990B000AB68C /* MVCUITests */,
			);
		};
/* End PBXProject section */

/* Begin PBXResourcesBuildPhase section */
		C29A27572A56990B000AB68C /* Resources */ = {
			isa = PBXResourcesBuildPhase;
			buildActionMask = 2147483647;
			files = (
				C29A276C2A56990B000AB68C /* LaunchScreen.storyboard in Resources */,
				C29A27692A56990B000AB68C /* Assets.xcassets in Resources */,
				C29A27642A56990B000AB68C /* Main.storyboard in Resources */,
			);
			runOnlyForDeploymentPostprocessing = 0;
		};
		C29A27702A56990B000AB68C /* Resources */ = {
			isa = PBXResourcesBuildPhase;
			buildActionMask = 2147483647;
			files = (
			);
			runOnlyForDeploymentPostprocessing = 0;
		};
		C29A277A2A56990B000AB68C /* Resources */ = {
			isa = PBXResourcesBuildPhase;
			buildActionMask = 2147483647;
			files = (
			);
			runOnlyForDeploymentPostprocessing = 0;
		};
/* End PBXResourcesBuildPhase section */

/* Begin PBXSourcesBuildPhase section */
		C29A27552A56990B000AB68C /* Sources */ = {
			isa = PBXSourcesBuildPhase;
			buildActionMask = 2147483647;
			files = (
				C29A27902A569994000AB68C /* TableViewCell.swift in Sources */,
				C29A27612A56990B000AB68C /* ViewController.swift in Sources */,
				C29A275D2A56990B000AB68C /* AppDelegate.swift in Sources */,
				C29A27672A56990B000AB68C /* MVC.xcdatamodeld in Sources */,
				C29A275F2A56990B000AB68C /* SceneDelegate.swift in Sources */,
			);
			runOnlyForDeploymentPostprocessing = 0;
		};
		C29A276E2A56990B000AB68C /* Sources */ = {
			isa = PBXSourcesBuildPhase;
			buildActionMask = 2147483647;
			files = (
				C29A27772A56990B000AB68C /* MVCTests.swift in Sources */,
			);
			runOnlyForDeploymentPostprocessing = 0;
		};
		C29A27782A56990B000AB68C /* Sources */ = {
			isa = PBXSourcesBuildPhase;
			buildActionMask = 2147483647;
			files = (
				C29A27812A56990B000AB68C /* MVCUITests.swift in Sources */,
				C29A27832A56990B000AB68C /* MVCUITestsLaunchTests.swift in Sources */,
			);
			runOnlyForDeploymentPostprocessing = 0;
		};
/* End PBXSourcesBuildPhase section */

/* Begin PBXTargetDependency section */
		C29A27742A56990B000AB68C /* PBXTargetDependency */ = {
			isa = PBXTargetDependency;
			target = C29A27582A56990B000AB68C /* MVC */;
			targetProxy = C29A27732A56990B000AB68C /* PBXContainerItemProxy */;
		};
		C29A277E2A56990B000AB68C /* PBXTargetDependency */ = {
			isa = PBXTargetDependency;
			target = C29A27582A56990B000AB68C /* MVC */;
			targetProxy = C29A277D2A56990B000AB68C /* PBXContainerItemProxy */;
		};
/* End PBXTargetDependency section */

/* Begin PBXVariantGroup section */
		C29A27622A56990B000AB68C /* Main.storyboard */ = {
			isa = PBXVariantGroup;
			children = (
				C29A27632A56990B000AB68C /* Base */,
			);
			name = Main.storyboard;
			sourceTree = "<group>";
		};
		C29A276A2A56990B000AB68C /* LaunchScreen.storyboard */ = {
			isa = PBXVariantGroup;
			children = (
				C29A276B2A56990B000AB68C /* Base */,
			);
			name = LaunchScreen.storyboard;
			sourceTree = "<group>";
		};
/* End PBXVariantGroup section */

/* Begin XCBuildConfiguration section */
		C29A27842A56990B000AB68C /* Debug */ = {
			isa = XCBuildConfiguration;
			buildSettings = {
				ALWAYS_SEARCH_USER_PATHS = NO;
				CLANG_ANALYZER_NONNULL = YES;
				CLANG_ANALYZER_NUMBER_OBJECT_CONVERSION = YES_AGGRESSIVE;
				CLANG_CXX_LANGUAGE_STANDARD = "gnu++20";
				CLANG_ENABLE_MODULES = YES;
				CLANG_ENABLE_OBJC_ARC = YES;
				CLANG_ENABLE_OBJC_WEAK = YES;
				CLANG_WARN_BLOCK_CAPTURE_AUTORELEASING = YES;
				CLANG_WARN_BOOL_CONVERSION = YES;
				CLANG_WARN_COMMA = YES;
				CLANG_WARN_CONSTANT_CONVERSION = YES;
				CLANG_WARN_DEPRECATED_OBJC_IMPLEMENTATIONS = YES;
				CLANG_WARN_DIRECT_OBJC_ISA_USAGE = YES_ERROR;
				CLANG_WARN_DOCUMENTATION_COMMENTS = YES;
				CLANG_WARN_EMPTY_BODY = YES;
				CLANG_WARN_ENUM_CONVERSION = YES;
				CLANG_WARN_INFINITE_RECURSION = YES;
				CLANG_WARN_INT_CONVERSION = YES;
				CLANG_WARN_NON_LITERAL_NULL_CONVERSION = YES;
				CLANG_WARN_OBJC_IMPLICIT_RETAIN_SELF = YES;
				CLANG_WARN_OBJC_LITERAL_CONVERSION = YES;
				CLANG_WARN_OBJC_ROOT_CLASS = YES_ERROR;
				CLANG_WARN_QUOTED_INCLUDE_IN_FRAMEWORK_HEADER = YES;
				CLANG_WARN_RANGE_LOOP_ANALYSIS = YES;
				CLANG_WARN_STRICT_PROTOTYPES = YES;
				CLANG_WARN_SUSPICIOUS_MOVE = YES;
				CLANG_WARN_UNGUARDED_AVAILABILITY = YES_AGGRESSIVE;
				CLANG_WARN_UNREACHABLE_CODE = YES;
				CLANG_WARN__DUPLICATE_METHOD_MATCH = YES;
				COPY_PHASE_STRIP = NO;
				DEBUG_INFORMATION_FORMAT = dwarf;
				ENABLE_STRICT_OBJC_MSGSEND = YES;
				ENABLE_TESTABILITY = YES;
				GCC_C_LANGUAGE_STANDARD = gnu11;
				GCC_DYNAMIC_NO_PIC = NO;
				GCC_NO_COMMON_BLOCKS = YES;
				GCC_OPTIMIZATION_LEVEL = 0;
				GCC_PREPROCESSOR_DEFINITIONS = (
					"DEBUG=1",
					"$(inherited)",
				);
				GCC_WARN_64_TO_32_BIT_CONVERSION = YES;
				GCC_WARN_ABOUT_RETURN_TYPE = YES_ERROR;
				GCC_WARN_UNDECLARED_SELECTOR = YES;
				GCC_WARN_UNINITIALIZED_AUTOS = YES_AGGRESSIVE;
				GCC_WARN_UNUSED_FUNCTION = YES;
				GCC_WARN_UNUSED_VARIABLE = YES;
				IPHONEOS_DEPLOYMENT_TARGET = 16.4;
				MTL_ENABLE_DEBUG_INFO = INCLUDE_SOURCE;
				MTL_FAST_MATH = YES;
				ONLY_ACTIVE_ARCH = YES;
				SDKROOT = iphoneos;
				SWIFT_ACTIVE_COMPILATION_CONDITIONS = DEBUG;
				SWIFT_OPTIMIZATION_LEVEL = "-Onone";
			};
			name = Debug;
		};
		C29A27852A56990B000AB68C /* Release */ = {
			isa = XCBuildConfiguration;
			buildSettings = {
				ALWAYS_SEARCH_USER_PATHS = NO;
				CLANG_ANALYZER_NONNULL = YES;
				CLANG_ANALYZER_NUMBER_OBJECT_CONVERSION = YES_AGGRESSIVE;
				CLANG_CXX_LANGUAGE_STANDARD = "gnu++20";
				CLANG_ENABLE_MODULES = YES;
				CLANG_ENABLE_OBJC_ARC = YES;
				CLANG_ENABLE_OBJC_WEAK = YES;
				CLANG_WARN_BLOCK_CAPTURE_AUTORELEASING = YES;
				CLANG_WARN_BOOL_CONVERSION = YES;
				CLANG_WARN_COMMA = YES;
				CLANG_WARN_CONSTANT_CONVERSION = YES;
				CLANG_WARN_DEPRECATED_OBJC_IMPLEMENTATIONS = YES;
				CLANG_WARN_DIRECT_OBJC_ISA_USAGE = YES_ERROR;
				CLANG_WARN_DOCUMENTATION_COMMENTS = YES;
				CLANG_WARN_EMPTY_BODY = YES;
				CLANG_WARN_ENUM_CONVERSION = YES;
				CLANG_WARN_INFINITE_RECURSION = YES;
				CLANG_WARN_INT_CONVERSION = YES;
				CLANG_WARN_NON_LITERAL_NULL_CONVERSION = YES;
				CLANG_WARN_OBJC_IMPLICIT_RETAIN_SELF = YES;
				CLANG_WARN_OBJC_LITERAL_CONVERSION = YES;
				CLANG_WARN_OBJC_ROOT_CLASS = YES_ERROR;
				CLANG_WARN_QUOTED_INCLUDE_IN_FRAMEWORK_HEADER = YES;
				CLANG_WARN_RANGE_LOOP_ANALYSIS = YES;
				CLANG_WARN_STRICT_PROTOTYPES = YES;
				CLANG_WARN_SUSPICIOUS_MOVE = YES;
				CLANG_WARN_UNGUARDED_AVAILABILITY = YES_AGGRESSIVE;
				CLANG_WARN_UNREACHABLE_CODE = YES;
				CLANG_WARN__DUPLICATE_METHOD_MATCH = YES;
				COPY_PHASE_STRIP = NO;
				DEBUG_INFORMATION_FORMAT = "dwarf-with-dsym";
				ENABLE_NS_ASSERTIONS = NO;
				ENABLE_STRICT_OBJC_MSGSEND = YES;
				GCC_C_LANGUAGE_STANDARD = gnu11;
				GCC_NO_COMMON_BLOCKS = YES;
				GCC_WARN_64_TO_32_BIT_CONVERSION = YES;
				GCC_WARN_ABOUT_RETURN_TYPE = YES_ERROR;
				GCC_WARN_UNDECLARED_SELECTOR = YES;
				GCC_WARN_UNINITIALIZED_AUTOS = YES_AGGRESSIVE;
				GCC_WARN_UNUSED_FUNCTION = YES;
				GCC_WARN_UNUSED_VARIABLE = YES;
				IPHONEOS_DEPLOYMENT_TARGET = 16.4;
				MTL_ENABLE_DEBUG_INFO = NO;
				MTL_FAST_MATH = YES;
				SDKROOT = iphoneos;
				SWIFT_COMPILATION_MODE = wholemodule;
				SWIFT_OPTIMIZATION_LEVEL = "-O";
				VALIDATE_PRODUCT = YES;
			};
			name = Release;
		};
		C29A27872A56990B000AB68C /* Debug */ = {
			isa = XCBuildConfiguration;
			buildSettings = {
				ASSETCATALOG_COMPILER_APPICON_NAME = AppIcon;
				ASSETCATALOG_COMPILER_GLOBAL_ACCENT_COLOR_NAME = AccentColor;
				CODE_SIGN_STYLE = Automatic;
				CURRENT_PROJECT_VERSION = 1;
				DEVELOPMENT_TEAM = 8C4A7746NA;
				GENERATE_INFOPLIST_FILE = YES;
				INFOPLIST_FILE = MVC/Info.plist;
				INFOPLIST_KEY_UIApplicationSupportsIndirectInputEvents = YES;
				INFOPLIST_KEY_UILaunchStoryboardName = LaunchScreen;
				INFOPLIST_KEY_UIMainStoryboardFile = Main;
				INFOPLIST_KEY_UISupportedInterfaceOrientations_iPad = "UIInterfaceOrientationPortrait UIInterfaceOrientationPortraitUpsideDown UIInterfaceOrientationLandscapeLeft UIInterfaceOrientationLandscapeRight";
				INFOPLIST_KEY_UISupportedInterfaceOrientations_iPhone = "UIInterfaceOrientationPortrait UIInterfaceOrientationLandscapeLeft UIInterfaceOrientationLandscapeRight";
				LD_RUNPATH_SEARCH_PATHS = (
					"$(inherited)",
					"@executable_path/Frameworks",
				);
				MARKETING_VERSION = 1.0;
				PRODUCT_BUNDLE_IDENTIFIER = aniket.MVC;
				PRODUCT_NAME = "$(TARGET_NAME)";
				SWIFT_EMIT_LOC_STRINGS = YES;
				SWIFT_VERSION = 5.0;
				TARGETED_DEVICE_FAMILY = "1,2";
			};
			name = Debug;
		};
		C29A27882A56990B000AB68C /* Release */ = {
			isa = XCBuildConfiguration;
			buildSettings = {
				ASSETCATALOG_COMPILER_APPICON_NAME = AppIcon;
				ASSETCATALOG_COMPILER_GLOBAL_ACCENT_COLOR_NAME = AccentColor;
				CODE_SIGN_STYLE = Automatic;
				CURRENT_PROJECT_VERSION = 1;
				DEVELOPMENT_TEAM = 8C4A7746NA;
				GENERATE_INFOPLIST_FILE = YES;
				INFOPLIST_FILE = MVC/Info.plist;
				INFOPLIST_KEY_UIApplicationSupportsIndirectInputEvents = YES;
				INFOPLIST_KEY_UILaunchStoryboardName = LaunchScreen;
				INFOPLIST_KEY_UIMainStoryboardFile = Main;
				INFOPLIST_KEY_UISupportedInterfaceOrientations_iPad = "UIInterfaceOrientationPortrait UIInterfaceOrientationPortraitUpsideDown UIInterfaceOrientationLandscapeLeft UIInterfaceOrientationLandscapeRight";
				INFOPLIST_KEY_UISupportedInterfaceOrientations_iPhone = "UIInterfaceOrientationPortrait UIInterfaceOrientationLandscapeLeft UIInterfaceOrientationLandscapeRight";
				LD_RUNPATH_SEARCH_PATHS = (
					"$(inherited)",
					"@executable_path/Frameworks",
				);
				MARKETING_VERSION = 1.0;
				PRODUCT_BUNDLE_IDENTIFIER = aniket.MVC;
				PRODUCT_NAME = "$(TARGET_NAME)";
				SWIFT_EMIT_LOC_STRINGS = YES;
				SWIFT_VERSION = 5.0;
				TARGETED_DEVICE_FAMILY = "1,2";
			};
			name = Release;
		};
		C29A278A2A56990B000AB68C /* Debug */ = {
			isa = XCBuildConfiguration;
			buildSettings = {
				ALWAYS_EMBED_SWIFT_STANDARD_LIBRARIES = YES;
				BUNDLE_LOADER = "$(TEST_HOST)";
				CODE_SIGN_STYLE = Automatic;
				CURRENT_PROJECT_VERSION = 1;
				DEVELOPMENT_TEAM = 8C4A7746NA;
				GENERATE_INFOPLIST_FILE = YES;
				IPHONEOS_DEPLOYMENT_TARGET = 16.4;
				MARKETING_VERSION = 1.0;
				PRODUCT_BUNDLE_IDENTIFIER = aniket.MVCTests;
				PRODUCT_NAME = "$(TARGET_NAME)";
				SWIFT_EMIT_LOC_STRINGS = NO;
				SWIFT_VERSION = 5.0;
				TARGETED_DEVICE_FAMILY = "1,2";
				TEST_HOST = "$(BUILT_PRODUCTS_DIR)/MVC.app/$(BUNDLE_EXECUTABLE_FOLDER_PATH)/MVC";
			};
			name = Debug;
		};
		C29A278B2A56990B000AB68C /* Release */ = {
			isa = XCBuildConfiguration;
			buildSettings = {
				ALWAYS_EMBED_SWIFT_STANDARD_LIBRARIES = YES;
				BUNDLE_LOADER = "$(TEST_HOST)";
				CODE_SIGN_STYLE = Automatic;
				CURRENT_PROJECT_VERSION = 1;
				DEVELOPMENT_TEAM = 8C4A7746NA;
				GENERATE_INFOPLIST_FILE = YES;
				IPHONEOS_DEPLOYMENT_TARGET = 16.4;
				MARKETING_VERSION = 1.0;
				PRODUCT_BUNDLE_IDENTIFIER = aniket.MVCTests;
				PRODUCT_NAME = "$(TARGET_NAME)";
				SWIFT_EMIT_LOC_STRINGS = NO;
				SWIFT_VERSION = 5.0;
				TARGETED_DEVICE_FAMILY = "1,2";
				TEST_HOST = "$(BUILT_PRODUCTS_DIR)/MVC.app/$(BUNDLE_EXECUTABLE_FOLDER_PATH)/MVC";
			};
			name = Release;
		};
		C29A278D2A56990B000AB68C /* Debug */ = {
			isa = XCBuildConfiguration;
			buildSettings = {
				ALWAYS_EMBED_SWIFT_STANDARD_LIBRARIES = YES;
				CODE_SIGN_STYLE = Automatic;
				CURRENT_PROJECT_VERSION = 1;
				DEVELOPMENT_TEAM = 8C4A7746NA;
				GENERATE_INFOPLIST_FILE = YES;
				MARKETING_VERSION = 1.0;
				PRODUCT_BUNDLE_IDENTIFIER = aniket.MVCUITests;
				PRODUCT_NAME = "$(TARGET_NAME)";
				SWIFT_EMIT_LOC_STRINGS = NO;
				SWIFT_VERSION = 5.0;
				TARGETED_DEVICE_FAMILY = "1,2";
				TEST_TARGET_NAME = MVC;
			};
			name = Debug;
		};
		C29A278E2A56990B000AB68C /* Release */ = {
			isa = XCBuildConfiguration;
			buildSettings = {
				ALWAYS_EMBED_SWIFT_STANDARD_LIBRARIES = YES;
				CODE_SIGN_STYLE = Automatic;
				CURRENT_PROJECT_VERSION = 1;
				DEVELOPMENT_TEAM = 8C4A7746NA;
				GENERATE_INFOPLIST_FILE = YES;
				MARKETING_VERSION = 1.0;
				PRODUCT_BUNDLE_IDENTIFIER = aniket.MVCUITests;
				PRODUCT_NAME = "$(TARGET_NAME)";
				SWIFT_EMIT_LOC_STRINGS = NO;
				SWIFT_VERSION = 5.0;
				TARGETED_DEVICE_FAMILY = "1,2";
				TEST_TARGET_NAME = MVC;
			};
			name = Release;
		};
/* End XCBuildConfiguration section */

/* Begin XCConfigurationList section */
		C29A27542A56990B000AB68C /* Build configuration list for PBXProject "MVC" */ = {
			isa = XCConfigurationList;
			buildConfigurations = (
				C29A27842A56990B000AB68C /* Debug */,
				C29A27852A56990B000AB68C /* Release */,
			);
			defaultConfigurationIsVisible = 0;
			defaultConfigurationName = Release;
		};
		C29A27862A56990B000AB68C /* Build configuration list for PBXNativeTarget "MVC" */ = {
			isa = XCConfigurationList;
			buildConfigurations = (
				C29A27872A56990B000AB68C /* Debug */,
				C29A27882A56990B000AB68C /* Release */,
			);
			defaultConfigurationIsVisible = 0;
			defaultConfigurationName = Release;
		};
		C29A27892A56990B000AB68C /* Build configuration list for PBXNativeTarget "MVCTests" */ = {
			isa = XCConfigurationList;
			buildConfigurations = (
				C29A278A2A56990B000AB68C /* Debug */,
				C29A278B2A56990B000AB68C /* Release */,
			);
			defaultConfigurationIsVisible = 0;
			defaultConfigurationName = Release;
		};
		C29A278C2A56990B000AB68C /* Build configuration list for PBXNativeTarget "MVCUITests" */ = {
			isa = XCConfigurationList;
			buildConfigurations = (
				C29A278D2A56990B000AB68C /* Debug */,
				C29A278E2A56990B000AB68C /* Release */,
			);
			defaultConfigurationIsVisible = 0;
			defaultConfigurationName = Release;
		};
/* End XCConfigurationList section */

/* Begin XCVersionGroup section */
		C29A27652A56990B000AB68C /* MVC.xcdatamodeld */ = {
			isa = XCVersionGroup;
			children = (
				C29A27662A56990B000AB68C /* MVC.xcdatamodel */,
			);
			currentVersion = C29A27662A56990B000AB68C /* MVC.xcdatamodel */;
			path = MVC.xcdatamodeld;
			sourceTree = "<group>";
			versionGroupType = wrapper.xcdatamodel;
		};
/* End XCVersionGroup section */
	};
	rootObject = C29A27512A56990B000AB68C /* Project object */;
}
